// !$*UTF8*$!
{
	archiveVersion = 1;
	classes = {
	};
	objectVersion = 50;
	objects = {

/* Begin PBXBuildFile section */
		E7043F4622502211006F24AA /* CameraWrapper.m in Sources */ = {isa = PBXBuildFile; fileRef = E7043EC022502211006F24AA /* CameraWrapper.m */; };
		E7043F4822502211006F24AA /* texture_pm.frag in Resources */ = {isa = PBXBuildFile; fileRef = E7043EC222502211006F24AA /* texture_pm.frag */; };
		E7043F4A22502211006F24AA /* apriltag_pose.c in Sources */ = {isa = PBXBuildFile; fileRef = E7043EC622502211006F24AA /* apriltag_pose.c */; };
		E7043F4C22502211006F24AA /* tag36h11.c in Sources */ = {isa = PBXBuildFile; fileRef = E7043EC822502211006F24AA /* tag36h11.c */; };
		E7043F4E22502211006F24AA /* tagCustom48h12.c in Sources */ = {isa = PBXBuildFile; fileRef = E7043ECD22502211006F24AA /* tagCustom48h12.c */; };
		E7043F4F22502211006F24AA /* package.xml in Resources */ = {isa = PBXBuildFile; fileRef = E7043ECE22502211006F24AA /* package.xml */; };
		E7043F5422502211006F24AA /* README in Resources */ = {isa = PBXBuildFile; fileRef = E7043ED422502211006F24AA /* README */; };
		E7043F5922502211006F24AA /* README.md in Resources */ = {isa = PBXBuildFile; fileRef = E7043EDB22502211006F24AA /* README.md */; };
		E7043F5A22502211006F24AA /* tag16h5.c in Sources */ = {isa = PBXBuildFile; fileRef = E7043EDC22502211006F24AA /* tag16h5.c */; };
		E7043F5B22502211006F24AA /* unionfind.c in Sources */ = {isa = PBXBuildFile; fileRef = E7043EE222502211006F24AA /* unionfind.c */; };
		E7043F5E22502211006F24AA /* zarray.c in Sources */ = {isa = PBXBuildFile; fileRef = E7043EED22502211006F24AA /* zarray.c */; };
		E7043F5F22502211006F24AA /* workerpool.c in Sources */ = {isa = PBXBuildFile; fileRef = E7043EEE22502211006F24AA /* workerpool.c */; };
		E7043F6222502211006F24AA /* image_u8x4.c in Sources */ = {isa = PBXBuildFile; fileRef = E7043EF422502211006F24AA /* image_u8x4.c */; };
		E7043F6322502211006F24AA /* pam.c in Sources */ = {isa = PBXBuildFile; fileRef = E7043EF822502211006F24AA /* pam.c */; };
		E7043F6422502211006F24AA /* time_util.c in Sources */ = {isa = PBXBuildFile; fileRef = E7043EF922502211006F24AA /* time_util.c */; };
		E7043F6722502211006F24AA /* matd.c in Sources */ = {isa = PBXBuildFile; fileRef = E7043EFD22502211006F24AA /* matd.c */; };
		E7043F6A22502211006F24AA /* homography.c in Sources */ = {isa = PBXBuildFile; fileRef = E7043F0422502211006F24AA /* homography.c */; };
		E7043F6D22502211006F24AA /* pnm.c in Sources */ = {isa = PBXBuildFile; fileRef = E7043F0822502211006F24AA /* pnm.c */; };
		E7043F7122502211006F24AA /* apriltag.c in Sources */ = {isa = PBXBuildFile; fileRef = E7043F1122502211006F24AA /* apriltag.c */; };
		E7043F7222502211006F24AA /* apriltag.pc.in in Resources */ = {isa = PBXBuildFile; fileRef = E7043F1322502211006F24AA /* apriltag.pc.in */; };
		E7043F7E22502211006F24AA /* ucolor_pm.vert in Resources */ = {isa = PBXBuildFile; fileRef = E7043F2022502211006F24AA /* ucolor_pm.vert */; };
		E7043F8022502211006F24AA /* Assets.xcassets in Resources */ = {isa = PBXBuildFile; fileRef = E7043F2222502211006F24AA /* Assets.xcassets */; };
		E7043F8122502211006F24AA /* ViewController.m in Sources */ = {isa = PBXBuildFile; fileRef = E7043F2322502211006F24AA /* ViewController.m */; };
		E7043F8822502211006F24AA /* LaunchScreen.storyboard in Resources */ = {isa = PBXBuildFile; fileRef = E7043F2A22502211006F24AA /* LaunchScreen.storyboard */; };
		E7043F8E22502211006F24AA /* vcolor_pm.vert in Resources */ = {isa = PBXBuildFile; fileRef = E7043F3222502211006F24AA /* vcolor_pm.vert */; };
		E7043F8F22502211006F24AA /* main.m in Sources */ = {isa = PBXBuildFile; fileRef = E7043F3422502211006F24AA /* main.m */; };
		E7043F9422502211006F24AA /* texture_pm.vert in Resources */ = {isa = PBXBuildFile; fileRef = E7043F3922502211006F24AA /* texture_pm.vert */; };
		E7043F9622502211006F24AA /* AppDelegate.m in Sources */ = {isa = PBXBuildFile; fileRef = E7043F3B22502211006F24AA /* AppDelegate.m */; };
		E7043F9822502211006F24AA /* ucolor_pm.frag in Resources */ = {isa = PBXBuildFile; fileRef = E7043F3D22502211006F24AA /* ucolor_pm.frag */; };
		E75127C5224FDECD00C49DD7 /* Main.storyboard in Resources */ = {isa = PBXBuildFile; fileRef = E75127C3224FDECD00C49DD7 /* Main.storyboard */; };
		E75128DB224FE8F800C49DD7 /* zmaxheap.c in Sources */ = {isa = PBXBuildFile; fileRef = E75128B4224FE8F700C49DD7 /* zmaxheap.c */; };
		E75128DC224FE8F800C49DD7 /* image_u8.c in Sources */ = {isa = PBXBuildFile; fileRef = E75128B9224FE8F700C49DD7 /* image_u8.c */; };
		E75128DF224FE8F800C49DD7 /* svd22.c in Sources */ = {isa = PBXBuildFile; fileRef = E75128BE224FE8F700C49DD7 /* svd22.c */; };
		E75128E0224FE8F800C49DD7 /* pjpeg.c in Sources */ = {isa = PBXBuildFile; fileRef = E75128C0224FE8F700C49DD7 /* pjpeg.c */; };
		E75128E4224FE8F800C49DD7 /* pjpeg-idct.c in Sources */ = {isa = PBXBuildFile; fileRef = E75128C9224FE8F700C49DD7 /* pjpeg-idct.c */; };
		E75128E5224FE8F800C49DD7 /* string_util.c in Sources */ = {isa = PBXBuildFile; fileRef = E75128CA224FE8F700C49DD7 /* string_util.c */; };
		E75128E7224FE8F800C49DD7 /* zhash.c in Sources */ = {isa = PBXBuildFile; fileRef = E75128CF224FE8F700C49DD7 /* zhash.c */; };
		E75128E8224FE8F800C49DD7 /* image_u8x3.c in Sources */ = {isa = PBXBuildFile; fileRef = E75128D1224FE8F700C49DD7 /* image_u8x3.c */; };
		E75128EA224FE8F800C49DD7 /* g2d.c in Sources */ = {isa = PBXBuildFile; fileRef = E75128D4224FE8F700C49DD7 /* g2d.c */; };
		E75128EB224FE8F800C49DD7 /* getopt.c in Sources */ = {isa = PBXBuildFile; fileRef = E75128D6224FE8F700C49DD7 /* getopt.c */; };
		E7512905224FE94D00C49DD7 /* tag25h9.c in Sources */ = {isa = PBXBuildFile; fileRef = E75128EF224FE94C00C49DD7 /* tag25h9.c */; };
		E7512906224FE94D00C49DD7 /* tagCircle49h12.c in Sources */ = {isa = PBXBuildFile; fileRef = E75128F1224FE94C00C49DD7 /* tagCircle49h12.c */; };
		E7512908224FE94D00C49DD7 /* tagCircle21h7.c in Sources */ = {isa = PBXBuildFile; fileRef = E75128F3224FE94C00C49DD7 /* tagCircle21h7.c */; };
		E751290A224FE94D00C49DD7 /* tagStandard52h13.c in Sources */ = {isa = PBXBuildFile; fileRef = E75128F5224FE94C00C49DD7 /* tagStandard52h13.c */; };
		E751290D224FE94D00C49DD7 /* tagStandard41h12.c in Sources */ = {isa = PBXBuildFile; fileRef = E75128F9224FE94C00C49DD7 /* tagStandard41h12.c */; };
		E751290E224FE94D00C49DD7 /* apriltag_quad_thresh.c in Sources */ = {isa = PBXBuildFile; fileRef = E75128FF224FE94D00C49DD7 /* apriltag_quad_thresh.c */; };
		E7512914224FE9AD00C49DD7 /* ShaderUtilities.c in Sources */ = {isa = PBXBuildFile; fileRef = E7512912224FE9AD00C49DD7 /* ShaderUtilities.c */; };
		E7512915224FE9AD00C49DD7 /* GLESProgram.m in Sources */ = {isa = PBXBuildFile; fileRef = E7512913224FE9AD00C49DD7 /* GLESProgram.m */; };
		E7512918224FE9D700C49DD7 /* udp_util.c in Sources */ = {isa = PBXBuildFile; fileRef = E7512917224FE9D600C49DD7 /* udp_util.c */; };
		E7512922224FED7300C49DD7 /* vcolor_pm.frag in Resources */ = {isa = PBXBuildFile; fileRef = E751291E224FED7300C49DD7 /* vcolor_pm.frag */; };
		E7512926224FFC4700C49DD7 /* example.pnm in Resources */ = {isa = PBXBuildFile; fileRef = E7512925224FFC4700C49DD7 /* example.pnm */; };
/* End PBXBuildFile section */

/* Begin PBXFileReference section */
		E7043EC022502211006F24AA /* CameraWrapper.m */ = {isa = PBXFileReference; fileEncoding = 4; lastKnownFileType = sourcecode.c.objc; path = CameraWrapper.m; sourceTree = "<group>"; };
		E7043EC122502211006F24AA /* Icon-29.png */ = {isa = PBXFileReference; lastKnownFileType = image.png; path = "Icon-29.png"; sourceTree = "<group>"; };
		E7043EC222502211006F24AA /* texture_pm.frag */ = {isa = PBXFileReference; fileEncoding = 4; lastKnownFileType = sourcecode.glsl; path = texture_pm.frag; sourceTree = "<group>"; };
		E7043EC322502211006F24AA /* Icon-16.png */ = {isa = PBXFileReference; lastKnownFileType = image.png; path = "Icon-16.png"; sourceTree = "<group>"; };
		E7043EC422502211006F24AA /* AppDelegate.h */ = {isa = PBXFileReference; fileEncoding = 4; lastKnownFileType = sourcecode.c.h; path = AppDelegate.h; sourceTree = "<group>"; };
		E7043EC622502211006F24AA /* apriltag_pose.c */ = {isa = PBXFileReference; fileEncoding = 4; lastKnownFileType = sourcecode.c.c; path = apriltag_pose.c; sourceTree = "<group>"; };
		E7043EC722502211006F24AA /* tagStandard52h13.c */ = {isa = PBXFileReference; fileEncoding = 4; lastKnownFileType = sourcecode.c.c; path = tagStandard52h13.c; sourceTree = "<group>"; };
		E7043EC822502211006F24AA /* tag36h11.c */ = {isa = PBXFileReference; fileEncoding = 4; lastKnownFileType = sourcecode.c.c; path = tag36h11.c; sourceTree = "<group>"; };
		E7043EC922502211006F24AA /* tag16h5.h */ = {isa = PBXFileReference; fileEncoding = 4; lastKnownFileType = sourcecode.c.h; path = tag16h5.h; sourceTree = "<group>"; };
		E7043ECA22502211006F24AA /* CMakeLists.txt */ = {isa = PBXFileReference; fileEncoding = 4; lastKnownFileType = text; path = CMakeLists.txt; sourceTree = "<group>"; };
		E7043ECB22502211006F24AA /* apriltag.h */ = {isa = PBXFileReference; fileEncoding = 4; lastKnownFileType = sourcecode.c.h; path = apriltag.h; sourceTree = "<group>"; };
		E7043ECC22502211006F24AA /* tagCircle49h12.h */ = {isa = PBXFileReference; fileEncoding = 4; lastKnownFileType = sourcecode.c.h; path = tagCircle49h12.h; sourceTree = "<group>"; };
		E7043ECD22502211006F24AA /* tagCustom48h12.c */ = {isa = PBXFileReference; fileEncoding = 4; lastKnownFileType = sourcecode.c.c; path = tagCustom48h12.c; sourceTree = "<group>"; };
		E7043ECE22502211006F24AA /* package.xml */ = {isa = PBXFileReference; fileEncoding = 4; lastKnownFileType = text.xml; path = package.xml; sourceTree = "<group>"; };
		E7043ECF22502211006F24AA /* Makefile */ = {isa = PBXFileReference; fileEncoding = 4; lastKnownFileType = sourcecode.make; path = Makefile; sourceTree = "<group>"; };
		E7043ED122502211006F24AA /* opencv_demo.cc */ = {isa = PBXFileReference; fileEncoding = 4; lastKnownFileType = sourcecode.cpp.cpp; path = opencv_demo.cc; sourceTree = "<group>"; };
		E7043ED222502211006F24AA /* apriltag_demo.c */ = {isa = PBXFileReference; fileEncoding = 4; lastKnownFileType = sourcecode.c.c; path = apriltag_demo.c; sourceTree = "<group>"; };
		E7043ED322502211006F24AA /* Makefile */ = {isa = PBXFileReference; fileEncoding = 4; lastKnownFileType = sourcecode.make; path = Makefile; sourceTree = "<group>"; };
		E7043ED422502211006F24AA /* README */ = {isa = PBXFileReference; fileEncoding = 4; lastKnownFileType = text; path = README; sourceTree = "<group>"; };
		E7043ED522502211006F24AA /* .gitignore */ = {isa = PBXFileReference; fileEncoding = 4; lastKnownFileType = text; path = .gitignore; sourceTree = "<group>"; };
		E7043ED622502211006F24AA /* tagCircle21h7.c */ = {isa = PBXFileReference; fileEncoding = 4; lastKnownFileType = sourcecode.c.c; path = tagCircle21h7.c; sourceTree = "<group>"; };
		E7043ED722502211006F24AA /* install.sh */ = {isa = PBXFileReference; fileEncoding = 4; lastKnownFileType = text.script.sh; path = install.sh; sourceTree = "<group>"; };
		E7043ED822502211006F24AA /* apriltag_math.h */ = {isa = PBXFileReference; fileEncoding = 4; lastKnownFileType = sourcecode.c.h; path = apriltag_math.h; sourceTree = "<group>"; };
		E7043ED922502211006F24AA /* tag25h9.h */ = {isa = PBXFileReference; fileEncoding = 4; lastKnownFileType = sourcecode.c.h; path = tag25h9.h; sourceTree = "<group>"; };
		E7043EDA22502211006F24AA /* tagStandard41h12.c */ = {isa = PBXFileReference; fileEncoding = 4; lastKnownFileType = sourcecode.c.c; path = tagStandard41h12.c; sourceTree = "<group>"; };
		E7043EDB22502211006F24AA /* README.md */ = {isa = PBXFileReference; fileEncoding = 4; lastKnownFileType = net.daringfireball.markdown; path = README.md; sourceTree = "<group>"; };
		E7043EDC22502211006F24AA /* tag16h5.c */ = {isa = PBXFileReference; fileEncoding = 4; lastKnownFileType = sourcecode.c.c; path = tag16h5.c; sourceTree = "<group>"; };
		E7043EDD22502211006F24AA /* tagStandard52h13.h */ = {isa = PBXFileReference; fileEncoding = 4; lastKnownFileType = sourcecode.c.h; path = tagStandard52h13.h; sourceTree = "<group>"; };
		E7043EDF22502211006F24AA /* time_util.h */ = {isa = PBXFileReference; fileEncoding = 4; lastKnownFileType = sourcecode.c.h; path = time_util.h; sourceTree = "<group>"; };
		E7043EE022502211006F24AA /* floats.h */ = {isa = PBXFileReference; fileEncoding = 4; lastKnownFileType = sourcecode.c.h; path = floats.h; sourceTree = "<group>"; };
		E7043EE122502211006F24AA /* pam.h */ = {isa = PBXFileReference; fileEncoding = 4; lastKnownFileType = sourcecode.c.h; path = pam.h; sourceTree = "<group>"; };
		E7043EE222502211006F24AA /* unionfind.c */ = {isa = PBXFileReference; fileEncoding = 4; lastKnownFileType = sourcecode.c.c; path = unionfind.c; sourceTree = "<group>"; };
		E7043EE322502211006F24AA /* image_u8x4.h */ = {isa = PBXFileReference; fileEncoding = 4; lastKnownFileType = sourcecode.c.h; path = image_u8x4.h; sourceTree = "<group>"; };
		E7043EE422502211006F24AA /* matd.h */ = {isa = PBXFileReference; fileEncoding = 4; lastKnownFileType = sourcecode.c.h; path = matd.h; sourceTree = "<group>"; };
		E7043EE522502211006F24AA /* zmaxheap.c */ = {isa = PBXFileReference; fileEncoding = 4; lastKnownFileType = sourcecode.c.c; path = zmaxheap.c; sourceTree = "<group>"; };
		E7043EE622502211006F24AA /* string_util.h */ = {isa = PBXFileReference; fileEncoding = 4; lastKnownFileType = sourcecode.c.h; path = string_util.h; sourceTree = "<group>"; };
		E7043EE722502211006F24AA /* homography.h */ = {isa = PBXFileReference; fileEncoding = 4; lastKnownFileType = sourcecode.c.h; path = homography.h; sourceTree = "<group>"; };
		E7043EE822502211006F24AA /* doubles_floats_impl.h */ = {isa = PBXFileReference; fileEncoding = 4; lastKnownFileType = sourcecode.c.h; path = doubles_floats_impl.h; sourceTree = "<group>"; };
		E7043EE922502211006F24AA /* g2d.h */ = {isa = PBXFileReference; fileEncoding = 4; lastKnownFileType = sourcecode.c.h; path = g2d.h; sourceTree = "<group>"; };
		E7043EEA22502211006F24AA /* image_u8.c */ = {isa = PBXFileReference; fileEncoding = 4; lastKnownFileType = sourcecode.c.c; path = image_u8.c; sourceTree = "<group>"; };
		E7043EEB22502211006F24AA /* image_u8x3.h */ = {isa = PBXFileReference; fileEncoding = 4; lastKnownFileType = sourcecode.c.h; path = image_u8x3.h; sourceTree = "<group>"; };
		E7043EEC22502211006F24AA /* zhash.h */ = {isa = PBXFileReference; fileEncoding = 4; lastKnownFileType = sourcecode.c.h; path = zhash.h; sourceTree = "<group>"; };
		E7043EED22502211006F24AA /* zarray.c */ = {isa = PBXFileReference; fileEncoding = 4; lastKnownFileType = sourcecode.c.c; path = zarray.c; sourceTree = "<group>"; };
		E7043EEE22502211006F24AA /* workerpool.c */ = {isa = PBXFileReference; fileEncoding = 4; lastKnownFileType = sourcecode.c.c; path = workerpool.c; sourceTree = "<group>"; };
		E7043EEF22502211006F24AA /* svd22.c */ = {isa = PBXFileReference; fileEncoding = 4; lastKnownFileType = sourcecode.c.c; path = svd22.c; sourceTree = "<group>"; };
		E7043EF022502211006F24AA /* pnm.h */ = {isa = PBXFileReference; fileEncoding = 4; lastKnownFileType = sourcecode.c.h; path = pnm.h; sourceTree = "<group>"; };
		E7043EF122502211006F24AA /* pjpeg.c */ = {isa = PBXFileReference; fileEncoding = 4; lastKnownFileType = sourcecode.c.c; path = pjpeg.c; sourceTree = "<group>"; };
		E7043EF222502211006F24AA /* postscript_utils.h */ = {isa = PBXFileReference; fileEncoding = 4; lastKnownFileType = sourcecode.c.h; path = postscript_utils.h; sourceTree = "<group>"; };
		E7043EF322502211006F24AA /* getopt.h */ = {isa = PBXFileReference; fileEncoding = 4; lastKnownFileType = sourcecode.c.h; path = getopt.h; sourceTree = "<group>"; };
		E7043EF422502211006F24AA /* image_u8x4.c */ = {isa = PBXFileReference; fileEncoding = 4; lastKnownFileType = sourcecode.c.c; path = image_u8x4.c; sourceTree = "<group>"; };
		E7043EF522502211006F24AA /* math_util.h */ = {isa = PBXFileReference; fileEncoding = 4; lastKnownFileType = sourcecode.c.h; path = math_util.h; sourceTree = "<group>"; };
		E7043EF622502211006F24AA /* doubles.h */ = {isa = PBXFileReference; fileEncoding = 4; lastKnownFileType = sourcecode.c.h; path = doubles.h; sourceTree = "<group>"; };
		E7043EF722502211006F24AA /* unionfind.h */ = {isa = PBXFileReference; fileEncoding = 4; lastKnownFileType = sourcecode.c.h; path = unionfind.h; sourceTree = "<group>"; };
		E7043EF822502211006F24AA /* pam.c */ = {isa = PBXFileReference; fileEncoding = 4; lastKnownFileType = sourcecode.c.c; path = pam.c; sourceTree = "<group>"; };
		E7043EF922502211006F24AA /* time_util.c */ = {isa = PBXFileReference; fileEncoding = 4; lastKnownFileType = sourcecode.c.c; path = time_util.c; sourceTree = "<group>"; };
		E7043EFA22502211006F24AA /* pjpeg-idct.c */ = {isa = PBXFileReference; fileEncoding = 4; lastKnownFileType = sourcecode.c.c; path = "pjpeg-idct.c"; sourceTree = "<group>"; };
		E7043EFB22502211006F24AA /* string_util.c */ = {isa = PBXFileReference; fileEncoding = 4; lastKnownFileType = sourcecode.c.c; path = string_util.c; sourceTree = "<group>"; };
		E7043EFC22502211006F24AA /* zmaxheap.h */ = {isa = PBXFileReference; fileEncoding = 4; lastKnownFileType = sourcecode.c.h; path = zmaxheap.h; sourceTree = "<group>"; };
		E7043EFD22502211006F24AA /* matd.c */ = {isa = PBXFileReference; fileEncoding = 4; lastKnownFileType = sourcecode.c.c; path = matd.c; sourceTree = "<group>"; };
		E7043EFE22502211006F24AA /* timeprofile.h */ = {isa = PBXFileReference; fileEncoding = 4; lastKnownFileType = sourcecode.c.h; path = timeprofile.h; sourceTree = "<group>"; };
		E7043EFF22502211006F24AA /* zarray.h */ = {isa = PBXFileReference; fileEncoding = 4; lastKnownFileType = sourcecode.c.h; path = zarray.h; sourceTree = "<group>"; };
		E7043F0022502211006F24AA /* zhash.c */ = {isa = PBXFileReference; fileEncoding = 4; lastKnownFileType = sourcecode.c.c; path = zhash.c; sourceTree = "<group>"; };
		E7043F0122502211006F24AA /* image_types.h */ = {isa = PBXFileReference; fileEncoding = 4; lastKnownFileType = sourcecode.c.h; path = image_types.h; sourceTree = "<group>"; };
		E7043F0222502211006F24AA /* image_u8x3.c */ = {isa = PBXFileReference; fileEncoding = 4; lastKnownFileType = sourcecode.c.c; path = image_u8x3.c; sourceTree = "<group>"; };
		E7043F0322502211006F24AA /* image_u8.h */ = {isa = PBXFileReference; fileEncoding = 4; lastKnownFileType = sourcecode.c.h; path = image_u8.h; sourceTree = "<group>"; };
		E7043F0422502211006F24AA /* homography.c */ = {isa = PBXFileReference; fileEncoding = 4; lastKnownFileType = sourcecode.c.c; path = homography.c; sourceTree = "<group>"; };
		E7043F0522502211006F24AA /* g2d.c */ = {isa = PBXFileReference; fileEncoding = 4; lastKnownFileType = sourcecode.c.c; path = g2d.c; sourceTree = "<group>"; };
		E7043F0622502211006F24AA /* pjpeg.h */ = {isa = PBXFileReference; fileEncoding = 4; lastKnownFileType = sourcecode.c.h; path = pjpeg.h; sourceTree = "<group>"; };
		E7043F0722502211006F24AA /* getopt.c */ = {isa = PBXFileReference; fileEncoding = 4; lastKnownFileType = sourcecode.c.c; path = getopt.c; sourceTree = "<group>"; };
		E7043F0822502211006F24AA /* pnm.c */ = {isa = PBXFileReference; fileEncoding = 4; lastKnownFileType = sourcecode.c.c; path = pnm.c; sourceTree = "<group>"; };
		E7043F0922502211006F24AA /* svd22.h */ = {isa = PBXFileReference; fileEncoding = 4; lastKnownFileType = sourcecode.c.h; path = svd22.h; sourceTree = "<group>"; };
		E7043F0A22502211006F24AA /* workerpool.h */ = {isa = PBXFileReference; fileEncoding = 4; lastKnownFileType = sourcecode.c.h; path = workerpool.h; sourceTree = "<group>"; };
		E7043F0B22502211006F24AA /* tag36h11.h */ = {isa = PBXFileReference; fileEncoding = 4; lastKnownFileType = sourcecode.c.h; path = tag36h11.h; sourceTree = "<group>"; };
		E7043F0C22502211006F24AA /* apriltag_quad_thresh.c */ = {isa = PBXFileReference; fileEncoding = 4; lastKnownFileType = sourcecode.c.c; path = apriltag_quad_thresh.c; sourceTree = "<group>"; };
		E7043F0D22502211006F24AA /* apriltag_pose.h */ = {isa = PBXFileReference; fileEncoding = 4; lastKnownFileType = sourcecode.c.h; path = apriltag_pose.h; sourceTree = "<group>"; };
		E7043F0E22502211006F24AA /* .gitignore */ = {isa = PBXFileReference; fileEncoding = 4; lastKnownFileType = text; path = .gitignore; sourceTree = "<group>"; };
		E7043F0F22502211006F24AA /* tagCircle49h12.c */ = {isa = PBXFileReference; fileEncoding = 4; lastKnownFileType = sourcecode.c.c; path = tagCircle49h12.c; sourceTree = "<group>"; };
		E7043F1022502211006F24AA /* tagCustom48h12.h */ = {isa = PBXFileReference; fileEncoding = 4; lastKnownFileType = sourcecode.c.h; path = tagCustom48h12.h; sourceTree = "<group>"; };
		E7043F1122502211006F24AA /* apriltag.c */ = {isa = PBXFileReference; fileEncoding = 4; lastKnownFileType = sourcecode.c.c; path = apriltag.c; sourceTree = "<group>"; };
		E7043F1222502211006F24AA /* tagCircle21h7.h */ = {isa = PBXFileReference; fileEncoding = 4; lastKnownFileType = sourcecode.c.h; path = tagCircle21h7.h; sourceTree = "<group>"; };
		E7043F1322502211006F24AA /* apriltag.pc.in */ = {isa = PBXFileReference; fileEncoding = 4; lastKnownFileType = text; path = apriltag.pc.in; sourceTree = "<group>"; };
		E7043F1422502211006F24AA /* tagStandard41h12.h */ = {isa = PBXFileReference; fileEncoding = 4; lastKnownFileType = sourcecode.c.h; path = tagStandard41h12.h; sourceTree = "<group>"; };
		E7043F1522502211006F24AA /* tag25h9.c */ = {isa = PBXFileReference; fileEncoding = 4; lastKnownFileType = sourcecode.c.c; path = tag25h9.c; sourceTree = "<group>"; };
		E7043F1622502211006F24AA /* Icon-256.png */ = {isa = PBXFileReference; lastKnownFileType = image.png; path = "Icon-256.png"; sourceTree = "<group>"; };
		E7043F1722502211006F24AA /* vcolor_pm.frag */ = {isa = PBXFileReference; fileEncoding = 4; lastKnownFileType = sourcecode.glsl; path = vcolor_pm.frag; sourceTree = "<group>"; };
		E7043F1822502211006F24AA /* Icon-120.png */ = {isa = PBXFileReference; lastKnownFileType = image.png; path = "Icon-120.png"; sourceTree = "<group>"; };
		E7043F1922502211006F24AA /* Icon-88.png */ = {isa = PBXFileReference; lastKnownFileType = image.png; path = "Icon-88.png"; sourceTree = "<group>"; };
		E7043F1A22502211006F24AA /* Icon-144.png */ = {isa = PBXFileReference; lastKnownFileType = image.png; path = "Icon-144.png"; sourceTree = "<group>"; };
		E7043F1B22502211006F24AA /* happytag1024.png */ = {isa = PBXFileReference; lastKnownFileType = image.png; path = happytag1024.png; sourceTree = "<group>"; };
		E7043F1C22502211006F24AA /* Icon-76.png */ = {isa = PBXFileReference; lastKnownFileType = image.png; path = "Icon-76.png"; sourceTree = "<group>"; };
		E7043F1D22502211006F24AA /* Icon-60.png */ = {isa = PBXFileReference; lastKnownFileType = image.png; path = "Icon-60.png"; sourceTree = "<group>"; };
		E7043F1E22502211006F24AA /* Icon-48.png */ = {isa = PBXFileReference; lastKnownFileType = image.png; path = "Icon-48.png"; sourceTree = "<group>"; };
		E7043F1F22502211006F24AA /* Icon-1024.png */ = {isa = PBXFileReference; lastKnownFileType = image.png; path = "Icon-1024.png"; sourceTree = "<group>"; };
		E7043F2022502211006F24AA /* ucolor_pm.vert */ = {isa = PBXFileReference; fileEncoding = 4; lastKnownFileType = sourcecode.glsl; path = ucolor_pm.vert; sourceTree = "<group>"; };
		E7043F2122502211006F24AA /* Icon-152.png */ = {isa = PBXFileReference; lastKnownFileType = image.png; path = "Icon-152.png"; sourceTree = "<group>"; };
		E7043F2222502211006F24AA /* Assets.xcassets */ = {isa = PBXFileReference; lastKnownFileType = folder.assetcatalog; path = Assets.xcassets; sourceTree = "<group>"; };
		E7043F2322502211006F24AA /* ViewController.m */ = {isa = PBXFileReference; fileEncoding = 4; lastKnownFileType = sourcecode.c.objc; path = ViewController.m; sourceTree = "<group>"; };
		E7043F2422502211006F24AA /* Icon-180.png */ = {isa = PBXFileReference; lastKnownFileType = image.png; path = "Icon-180.png"; sourceTree = "<group>"; };
		E7043F2522502211006F24AA /* Icon-64.png */ = {isa = PBXFileReference; lastKnownFileType = image.png; path = "Icon-64.png"; sourceTree = "<group>"; };
		E7043F2622502211006F24AA /* Icon-58.png */ = {isa = PBXFileReference; lastKnownFileType = image.png; path = "Icon-58.png"; sourceTree = "<group>"; };
		E7043F2722502211006F24AA /* Icon-72.png */ = {isa = PBXFileReference; lastKnownFileType = image.png; path = "Icon-72.png"; sourceTree = "<group>"; };
		E7043F2822502211006F24AA /* example.pnm */ = {isa = PBXFileReference; fileEncoding = 4; lastKnownFileType = text; path = example.pnm; sourceTree = "<group>"; };
		E7043F2922502211006F24AA /* Icon-196.png */ = {isa = PBXFileReference; lastKnownFileType = image.png; path = "Icon-196.png"; sourceTree = "<group>"; };
		E7043F2B22502211006F24AA /* Base */ = {isa = PBXFileReference; lastKnownFileType = file.storyboard; name = Base; path = Base.lproj/LaunchScreen.storyboard; sourceTree = "<group>"; };
		E7043F2D22502211006F24AA /* Base */ = {isa = PBXFileReference; lastKnownFileType = file.storyboard; name = Base; path = Base.lproj/Main.storyboard; sourceTree = "<group>"; };
		E7043F2E22502211006F24AA /* Icon-80.png */ = {isa = PBXFileReference; lastKnownFileType = image.png; path = "Icon-80.png"; sourceTree = "<group>"; };
		E7043F2F22502211006F24AA /* Icon-57.png */ = {isa = PBXFileReference; lastKnownFileType = image.png; path = "Icon-57.png"; sourceTree = "<group>"; };
		E7043F3022502211006F24AA /* Icon-55.png */ = {isa = PBXFileReference; lastKnownFileType = image.png; path = "Icon-55.png"; sourceTree = "<group>"; };
		E7043F3122502211006F24AA /* Icon-172.png */ = {isa = PBXFileReference; lastKnownFileType = image.png; path = "Icon-172.png"; sourceTree = "<group>"; };
		E7043F3222502211006F24AA /* vcolor_pm.vert */ = {isa = PBXFileReference; fileEncoding = 4; lastKnownFileType = sourcecode.glsl; path = vcolor_pm.vert; sourceTree = "<group>"; };
		E7043F3322502211006F24AA /* CameraWrapper.h */ = {isa = PBXFileReference; fileEncoding = 4; lastKnownFileType = sourcecode.c.h; path = CameraWrapper.h; sourceTree = "<group>"; };
		E7043F3422502211006F24AA /* main.m */ = {isa = PBXFileReference; fileEncoding = 4; lastKnownFileType = sourcecode.c.objc; path = main.m; sourceTree = "<group>"; };
		E7043F3522502211006F24AA /* Icon-167.png */ = {isa = PBXFileReference; lastKnownFileType = image.png; path = "Icon-167.png"; sourceTree = "<group>"; };
		E7043F3622502211006F24AA /* Icon-40.png */ = {isa = PBXFileReference; lastKnownFileType = image.png; path = "Icon-40.png"; sourceTree = "<group>"; };
		E7043F3722502211006F24AA /* Icon-50.png */ = {isa = PBXFileReference; lastKnownFileType = image.png; path = "Icon-50.png"; sourceTree = "<group>"; };
		E7043F3822502211006F24AA /* Icon-87.png */ = {isa = PBXFileReference; lastKnownFileType = image.png; path = "Icon-87.png"; sourceTree = "<group>"; };
		E7043F3922502211006F24AA /* texture_pm.vert */ = {isa = PBXFileReference; fileEncoding = 4; lastKnownFileType = sourcecode.glsl; path = texture_pm.vert; sourceTree = "<group>"; };
		E7043F3A22502211006F24AA /* happytag1024.xcf */ = {isa = PBXFileReference; lastKnownFileType = file; path = happytag1024.xcf; sourceTree = "<group>"; };
		E7043F3B22502211006F24AA /* AppDelegate.m */ = {isa = PBXFileReference; fileEncoding = 4; lastKnownFileType = sourcecode.c.objc; path = AppDelegate.m; sourceTree = "<group>"; };
		E7043F3C22502211006F24AA /* Icon-20.png */ = {isa = PBXFileReference; lastKnownFileType = image.png; path = "Icon-20.png"; sourceTree = "<group>"; };
		E7043F3D22502211006F24AA /* ucolor_pm.frag */ = {isa = PBXFileReference; fileEncoding = 4; lastKnownFileType = sourcecode.glsl; path = ucolor_pm.frag; sourceTree = "<group>"; };
		E7043F3E22502211006F24AA /* Icon-128.png */ = {isa = PBXFileReference; lastKnownFileType = image.png; path = "Icon-128.png"; sourceTree = "<group>"; };
		E7043F3F22502211006F24AA /* Icon-100.png */ = {isa = PBXFileReference; lastKnownFileType = image.png; path = "Icon-100.png"; sourceTree = "<group>"; };
		E7043F4022502211006F24AA /* Icon-114.png */ = {isa = PBXFileReference; lastKnownFileType = image.png; path = "Icon-114.png"; sourceTree = "<group>"; };
		E7043F4122502211006F24AA /* Default.png */ = {isa = PBXFileReference; lastKnownFileType = image.png; path = Default.png; sourceTree = "<group>"; };
		E7043F4222502211006F24AA /* Icon-32.png */ = {isa = PBXFileReference; lastKnownFileType = image.png; path = "Icon-32.png"; sourceTree = "<group>"; };
		E7043F4322502211006F24AA /* Info.plist */ = {isa = PBXFileReference; fileEncoding = 4; lastKnownFileType = text.plist.xml; path = Info.plist; sourceTree = "<group>"; };
		E7043F4422502211006F24AA /* ViewController.h */ = {isa = PBXFileReference; fileEncoding = 4; lastKnownFileType = sourcecode.c.h; path = ViewController.h; sourceTree = "<group>"; };
		E7043F4522502211006F24AA /* Icon-512.png */ = {isa = PBXFileReference; lastKnownFileType = image.png; path = "Icon-512.png"; sourceTree = "<group>"; };
		E75127BA224FDECD00C49DD7 /* AprilTag3.app */ = {isa = PBXFileReference; explicitFileType = wrapper.application; includeInIndex = 0; path = AprilTag3.app; sourceTree = BUILT_PRODUCTS_DIR; };
		E75127BD224FDECD00C49DD7 /* AppDelegate.h */ = {isa = PBXFileReference; lastKnownFileType = sourcecode.c.h; path = AppDelegate.h; sourceTree = "<group>"; };
		E75127BE224FDECD00C49DD7 /* AppDelegate.m */ = {isa = PBXFileReference; lastKnownFileType = sourcecode.c.objc; path = AppDelegate.m; sourceTree = "<group>"; };
		E75127C0224FDECD00C49DD7 /* ViewController.h */ = {isa = PBXFileReference; lastKnownFileType = sourcecode.c.h; path = ViewController.h; sourceTree = "<group>"; };
		E75127C1224FDECD00C49DD7 /* ViewController.m */ = {isa = PBXFileReference; lastKnownFileType = sourcecode.c.objc; path = ViewController.m; sourceTree = "<group>"; };
		E75127C4224FDECD00C49DD7 /* Base */ = {isa = PBXFileReference; lastKnownFileType = file.storyboard; name = Base; path = Base.lproj/Main.storyboard; sourceTree = "<group>"; };
		E75127C6224FDECD00C49DD7 /* Assets.xcassets */ = {isa = PBXFileReference; lastKnownFileType = folder.assetcatalog; path = Assets.xcassets; sourceTree = "<group>"; };
		E75127C9224FDECD00C49DD7 /* Base */ = {isa = PBXFileReference; lastKnownFileType = file.storyboard; name = Base; path = Base.lproj/LaunchScreen.storyboard; sourceTree = "<group>"; };
		E75127CB224FDECD00C49DD7 /* Info.plist */ = {isa = PBXFileReference; lastKnownFileType = text.plist.xml; path = Info.plist; sourceTree = "<group>"; };
		E75127CC224FDECD00C49DD7 /* main.m */ = {isa = PBXFileReference; lastKnownFileType = sourcecode.c.objc; path = main.m; sourceTree = "<group>"; };
		E75127FD224FDF2500C49DD7 /* CameraWrapper.h */ = {isa = PBXFileReference; fileEncoding = 4; lastKnownFileType = sourcecode.c.h; path = CameraWrapper.h; sourceTree = "<group>"; };
		E75127FE224FDF2500C49DD7 /* CameraWrapper.m */ = {isa = PBXFileReference; fileEncoding = 4; lastKnownFileType = sourcecode.c.objc; path = CameraWrapper.m; sourceTree = "<group>"; };
		E75128AE224FE8F700C49DD7 /* time_util.h */ = {isa = PBXFileReference; fileEncoding = 4; lastKnownFileType = sourcecode.c.h; path = time_util.h; sourceTree = "<group>"; };
		E75128AF224FE8F700C49DD7 /* floats.h */ = {isa = PBXFileReference; fileEncoding = 4; lastKnownFileType = sourcecode.c.h; path = floats.h; sourceTree = "<group>"; };
		E75128B0224FE8F700C49DD7 /* pam.h */ = {isa = PBXFileReference; fileEncoding = 4; lastKnownFileType = sourcecode.c.h; path = pam.h; sourceTree = "<group>"; };
		E75128B1224FE8F700C49DD7 /* unionfind.c */ = {isa = PBXFileReference; fileEncoding = 4; lastKnownFileType = sourcecode.c.c; path = unionfind.c; sourceTree = "<group>"; };
		E75128B2224FE8F700C49DD7 /* image_u8x4.h */ = {isa = PBXFileReference; fileEncoding = 4; lastKnownFileType = sourcecode.c.h; path = image_u8x4.h; sourceTree = "<group>"; };
		E75128B3224FE8F700C49DD7 /* matd.h */ = {isa = PBXFileReference; fileEncoding = 4; lastKnownFileType = sourcecode.c.h; path = matd.h; sourceTree = "<group>"; };
		E75128B4224FE8F700C49DD7 /* zmaxheap.c */ = {isa = PBXFileReference; fileEncoding = 4; lastKnownFileType = sourcecode.c.c; path = zmaxheap.c; sourceTree = "<group>"; };
		E75128B5224FE8F700C49DD7 /* string_util.h */ = {isa = PBXFileReference; fileEncoding = 4; lastKnownFileType = sourcecode.c.h; path = string_util.h; sourceTree = "<group>"; };
		E75128B6224FE8F700C49DD7 /* homography.h */ = {isa = PBXFileReference; fileEncoding = 4; lastKnownFileType = sourcecode.c.h; path = homography.h; sourceTree = "<group>"; };
		E75128B7224FE8F700C49DD7 /* doubles_floats_impl.h */ = {isa = PBXFileReference; fileEncoding = 4; lastKnownFileType = sourcecode.c.h; path = doubles_floats_impl.h; sourceTree = "<group>"; };
		E75128B8224FE8F700C49DD7 /* g2d.h */ = {isa = PBXFileReference; fileEncoding = 4; lastKnownFileType = sourcecode.c.h; path = g2d.h; sourceTree = "<group>"; };
		E75128B9224FE8F700C49DD7 /* image_u8.c */ = {isa = PBXFileReference; fileEncoding = 4; lastKnownFileType = sourcecode.c.c; path = image_u8.c; sourceTree = "<group>"; };
		E75128BA224FE8F700C49DD7 /* image_u8x3.h */ = {isa = PBXFileReference; fileEncoding = 4; lastKnownFileType = sourcecode.c.h; path = image_u8x3.h; sourceTree = "<group>"; };
		E75128BB224FE8F700C49DD7 /* zhash.h */ = {isa = PBXFileReference; fileEncoding = 4; lastKnownFileType = sourcecode.c.h; path = zhash.h; sourceTree = "<group>"; };
		E75128BC224FE8F700C49DD7 /* zarray.c */ = {isa = PBXFileReference; fileEncoding = 4; lastKnownFileType = sourcecode.c.c; path = zarray.c; sourceTree = "<group>"; };
		E75128BD224FE8F700C49DD7 /* workerpool.c */ = {isa = PBXFileReference; fileEncoding = 4; lastKnownFileType = sourcecode.c.c; path = workerpool.c; sourceTree = "<group>"; };
		E75128BE224FE8F700C49DD7 /* svd22.c */ = {isa = PBXFileReference; fileEncoding = 4; lastKnownFileType = sourcecode.c.c; path = svd22.c; sourceTree = "<group>"; };
		E75128BF224FE8F700C49DD7 /* pnm.h */ = {isa = PBXFileReference; fileEncoding = 4; lastKnownFileType = sourcecode.c.h; path = pnm.h; sourceTree = "<group>"; };
		E75128C0224FE8F700C49DD7 /* pjpeg.c */ = {isa = PBXFileReference; fileEncoding = 4; lastKnownFileType = sourcecode.c.c; path = pjpeg.c; sourceTree = "<group>"; };
		E75128C1224FE8F700C49DD7 /* postscript_utils.h */ = {isa = PBXFileReference; fileEncoding = 4; lastKnownFileType = sourcecode.c.h; path = postscript_utils.h; sourceTree = "<group>"; };
		E75128C2224FE8F700C49DD7 /* getopt.h */ = {isa = PBXFileReference; fileEncoding = 4; lastKnownFileType = sourcecode.c.h; path = getopt.h; sourceTree = "<group>"; };
		E75128C3224FE8F700C49DD7 /* image_u8x4.c */ = {isa = PBXFileReference; fileEncoding = 4; lastKnownFileType = sourcecode.c.c; path = image_u8x4.c; sourceTree = "<group>"; };
		E75128C4224FE8F700C49DD7 /* math_util.h */ = {isa = PBXFileReference; fileEncoding = 4; lastKnownFileType = sourcecode.c.h; path = math_util.h; sourceTree = "<group>"; };
		E75128C5224FE8F700C49DD7 /* doubles.h */ = {isa = PBXFileReference; fileEncoding = 4; lastKnownFileType = sourcecode.c.h; path = doubles.h; sourceTree = "<group>"; };
		E75128C6224FE8F700C49DD7 /* unionfind.h */ = {isa = PBXFileReference; fileEncoding = 4; lastKnownFileType = sourcecode.c.h; path = unionfind.h; sourceTree = "<group>"; };
		E75128C7224FE8F700C49DD7 /* pam.c */ = {isa = PBXFileReference; fileEncoding = 4; lastKnownFileType = sourcecode.c.c; path = pam.c; sourceTree = "<group>"; };
		E75128C8224FE8F700C49DD7 /* time_util.c */ = {isa = PBXFileReference; fileEncoding = 4; lastKnownFileType = sourcecode.c.c; path = time_util.c; sourceTree = "<group>"; };
		E75128C9224FE8F700C49DD7 /* pjpeg-idct.c */ = {isa = PBXFileReference; fileEncoding = 4; lastKnownFileType = sourcecode.c.c; path = "pjpeg-idct.c"; sourceTree = "<group>"; };
		E75128CA224FE8F700C49DD7 /* string_util.c */ = {isa = PBXFileReference; fileEncoding = 4; lastKnownFileType = sourcecode.c.c; path = string_util.c; sourceTree = "<group>"; };
		E75128CB224FE8F700C49DD7 /* zmaxheap.h */ = {isa = PBXFileReference; fileEncoding = 4; lastKnownFileType = sourcecode.c.h; path = zmaxheap.h; sourceTree = "<group>"; };
		E75128CC224FE8F700C49DD7 /* matd.c */ = {isa = PBXFileReference; fileEncoding = 4; lastKnownFileType = sourcecode.c.c; path = matd.c; sourceTree = "<group>"; };
		E75128CD224FE8F700C49DD7 /* timeprofile.h */ = {isa = PBXFileReference; fileEncoding = 4; lastKnownFileType = sourcecode.c.h; path = timeprofile.h; sourceTree = "<group>"; };
		E75128CE224FE8F700C49DD7 /* zarray.h */ = {isa = PBXFileReference; fileEncoding = 4; lastKnownFileType = sourcecode.c.h; path = zarray.h; sourceTree = "<group>"; };
		E75128CF224FE8F700C49DD7 /* zhash.c */ = {isa = PBXFileReference; fileEncoding = 4; lastKnownFileType = sourcecode.c.c; path = zhash.c; sourceTree = "<group>"; };
		E75128D0224FE8F700C49DD7 /* image_types.h */ = {isa = PBXFileReference; fileEncoding = 4; lastKnownFileType = sourcecode.c.h; path = image_types.h; sourceTree = "<group>"; };
		E75128D1224FE8F700C49DD7 /* image_u8x3.c */ = {isa = PBXFileReference; fileEncoding = 4; lastKnownFileType = sourcecode.c.c; path = image_u8x3.c; sourceTree = "<group>"; };
		E75128D2224FE8F700C49DD7 /* image_u8.h */ = {isa = PBXFileReference; fileEncoding = 4; lastKnownFileType = sourcecode.c.h; path = image_u8.h; sourceTree = "<group>"; };
		E75128D3224FE8F700C49DD7 /* homography.c */ = {isa = PBXFileReference; fileEncoding = 4; lastKnownFileType = sourcecode.c.c; path = homography.c; sourceTree = "<group>"; };
		E75128D4224FE8F700C49DD7 /* g2d.c */ = {isa = PBXFileReference; fileEncoding = 4; lastKnownFileType = sourcecode.c.c; path = g2d.c; sourceTree = "<group>"; };
		E75128D5224FE8F700C49DD7 /* pjpeg.h */ = {isa = PBXFileReference; fileEncoding = 4; lastKnownFileType = sourcecode.c.h; path = pjpeg.h; sourceTree = "<group>"; };
		E75128D6224FE8F700C49DD7 /* getopt.c */ = {isa = PBXFileReference; fileEncoding = 4; lastKnownFileType = sourcecode.c.c; path = getopt.c; sourceTree = "<group>"; };
		E75128D7224FE8F700C49DD7 /* pnm.c */ = {isa = PBXFileReference; fileEncoding = 4; lastKnownFileType = sourcecode.c.c; path = pnm.c; sourceTree = "<group>"; };
		E75128D8224FE8F700C49DD7 /* svd22.h */ = {isa = PBXFileReference; fileEncoding = 4; lastKnownFileType = sourcecode.c.h; path = svd22.h; sourceTree = "<group>"; };
		E75128D9224FE8F700C49DD7 /* workerpool.h */ = {isa = PBXFileReference; fileEncoding = 4; lastKnownFileType = sourcecode.c.h; path = workerpool.h; sourceTree = "<group>"; };
		E75128ED224FE92C00C49DD7 /* tag25h9.c */ = {isa = PBXFileReference; fileEncoding = 4; lastKnownFileType = sourcecode.c.c; name = tag25h9.c; path = apriltags/tag25h9.c; sourceTree = "<group>"; };
		E75128EF224FE94C00C49DD7 /* tag25h9.c */ = {isa = PBXFileReference; fileEncoding = 4; lastKnownFileType = sourcecode.c.c; name = tag25h9.c; path = apriltags/tag25h9.c; sourceTree = "<group>"; };
		E75128F0224FE94C00C49DD7 /* tagStandard41h12.h */ = {isa = PBXFileReference; fileEncoding = 4; lastKnownFileType = sourcecode.c.h; name = tagStandard41h12.h; path = apriltags/tagStandard41h12.h; sourceTree = "<group>"; };
		E75128F1224FE94C00C49DD7 /* tagCircle49h12.c */ = {isa = PBXFileReference; fileEncoding = 4; lastKnownFileType = sourcecode.c.c; name = tagCircle49h12.c; path = apriltags/tagCircle49h12.c; sourceTree = "<group>"; };
		E75128F2224FE94C00C49DD7 /* tag36h11.c */ = {isa = PBXFileReference; fileEncoding = 4; lastKnownFileType = sourcecode.c.c; name = tag36h11.c; path = apriltags/tag36h11.c; sourceTree = "<group>"; };
		E75128F3224FE94C00C49DD7 /* tagCircle21h7.c */ = {isa = PBXFileReference; fileEncoding = 4; lastKnownFileType = sourcecode.c.c; name = tagCircle21h7.c; path = apriltags/tagCircle21h7.c; sourceTree = "<group>"; };
		E75128F4224FE94C00C49DD7 /* apriltag_pose.c */ = {isa = PBXFileReference; fileEncoding = 4; lastKnownFileType = sourcecode.c.c; name = apriltag_pose.c; path = apriltags/apriltag_pose.c; sourceTree = "<group>"; };
		E75128F5224FE94C00C49DD7 /* tagStandard52h13.c */ = {isa = PBXFileReference; fileEncoding = 4; lastKnownFileType = sourcecode.c.c; name = tagStandard52h13.c; path = apriltags/tagStandard52h13.c; sourceTree = "<group>"; };
		E75128F6224FE94C00C49DD7 /* tag25h9.h */ = {isa = PBXFileReference; fileEncoding = 4; lastKnownFileType = sourcecode.c.h; name = tag25h9.h; path = apriltags/tag25h9.h; sourceTree = "<group>"; };
		E75128F7224FE94C00C49DD7 /* tag16h5.c */ = {isa = PBXFileReference; fileEncoding = 4; lastKnownFileType = sourcecode.c.c; name = tag16h5.c; path = apriltags/tag16h5.c; sourceTree = "<group>"; };
		E75128F8224FE94C00C49DD7 /* tagCustom48h12.c */ = {isa = PBXFileReference; fileEncoding = 4; lastKnownFileType = sourcecode.c.c; name = tagCustom48h12.c; path = apriltags/tagCustom48h12.c; sourceTree = "<group>"; };
		E75128F9224FE94C00C49DD7 /* tagStandard41h12.c */ = {isa = PBXFileReference; fileEncoding = 4; lastKnownFileType = sourcecode.c.c; name = tagStandard41h12.c; path = apriltags/tagStandard41h12.c; sourceTree = "<group>"; };
		E75128FA224FE94D00C49DD7 /* tagCircle49h12.h */ = {isa = PBXFileReference; fileEncoding = 4; lastKnownFileType = sourcecode.c.h; name = tagCircle49h12.h; path = apriltags/tagCircle49h12.h; sourceTree = "<group>"; };
		E75128FB224FE94D00C49DD7 /* tag36h11.h */ = {isa = PBXFileReference; fileEncoding = 4; lastKnownFileType = sourcecode.c.h; name = tag36h11.h; path = apriltags/tag36h11.h; sourceTree = "<group>"; };
		E75128FC224FE94D00C49DD7 /* tag16h5.h */ = {isa = PBXFileReference; fileEncoding = 4; lastKnownFileType = sourcecode.c.h; name = tag16h5.h; path = apriltags/tag16h5.h; sourceTree = "<group>"; };
		E75128FD224FE94D00C49DD7 /* tagCircle21h7.h */ = {isa = PBXFileReference; fileEncoding = 4; lastKnownFileType = sourcecode.c.h; name = tagCircle21h7.h; path = apriltags/tagCircle21h7.h; sourceTree = "<group>"; };
		E75128FE224FE94D00C49DD7 /* apriltag_math.h */ = {isa = PBXFileReference; fileEncoding = 4; lastKnownFileType = sourcecode.c.h; name = apriltag_math.h; path = apriltags/apriltag_math.h; sourceTree = "<group>"; };
		E75128FF224FE94D00C49DD7 /* apriltag_quad_thresh.c */ = {isa = PBXFileReference; fileEncoding = 4; lastKnownFileType = sourcecode.c.c; name = apriltag_quad_thresh.c; path = apriltags/apriltag_quad_thresh.c; sourceTree = "<group>"; };
		E7512900224FE94D00C49DD7 /* apriltag.h */ = {isa = PBXFileReference; fileEncoding = 4; lastKnownFileType = sourcecode.c.h; name = apriltag.h; path = apriltags/apriltag.h; sourceTree = "<group>"; };
		E7512901224FE94D00C49DD7 /* apriltag_pose.h */ = {isa = PBXFileReference; fileEncoding = 4; lastKnownFileType = sourcecode.c.h; name = apriltag_pose.h; path = apriltags/apriltag_pose.h; sourceTree = "<group>"; };
		E7512902224FE94D00C49DD7 /* tagCustom48h12.h */ = {isa = PBXFileReference; fileEncoding = 4; lastKnownFileType = sourcecode.c.h; name = tagCustom48h12.h; path = apriltags/tagCustom48h12.h; sourceTree = "<group>"; };
		E7512903224FE94D00C49DD7 /* apriltag.c */ = {isa = PBXFileReference; fileEncoding = 4; lastKnownFileType = sourcecode.c.c; name = apriltag.c; path = apriltags/apriltag.c; sourceTree = "<group>"; };
		E7512904224FE94D00C49DD7 /* tagStandard52h13.h */ = {isa = PBXFileReference; fileEncoding = 4; lastKnownFileType = sourcecode.c.h; name = tagStandard52h13.h; path = apriltags/tagStandard52h13.h; sourceTree = "<group>"; };
		E7512910224FE9AC00C49DD7 /* GLESProgram.h */ = {isa = PBXFileReference; fileEncoding = 4; lastKnownFileType = sourcecode.c.h; path = GLESProgram.h; sourceTree = SOURCE_ROOT; };
		E7512911224FE9AC00C49DD7 /* ShaderUtilities.h */ = {isa = PBXFileReference; fileEncoding = 4; lastKnownFileType = sourcecode.c.h; path = ShaderUtilities.h; sourceTree = SOURCE_ROOT; };
		E7512912224FE9AD00C49DD7 /* ShaderUtilities.c */ = {isa = PBXFileReference; fileEncoding = 4; lastKnownFileType = sourcecode.c.c; path = ShaderUtilities.c; sourceTree = SOURCE_ROOT; };
		E7512913224FE9AD00C49DD7 /* GLESProgram.m */ = {isa = PBXFileReference; fileEncoding = 4; lastKnownFileType = sourcecode.c.objc; path = GLESProgram.m; sourceTree = SOURCE_ROOT; };
		E7512916224FE9D600C49DD7 /* udp_util.h */ = {isa = PBXFileReference; fileEncoding = 4; lastKnownFileType = sourcecode.c.h; path = udp_util.h; sourceTree = SOURCE_ROOT; };
		E7512917224FE9D600C49DD7 /* udp_util.c */ = {isa = PBXFileReference; fileEncoding = 4; lastKnownFileType = sourcecode.c.c; path = udp_util.c; sourceTree = SOURCE_ROOT; };
		E7512919224FED2500C49DD7 /* texture_pm.vert */ = {isa = PBXFileReference; fileEncoding = 4; lastKnownFileType = sourcecode.glsl; path = texture_pm.vert; sourceTree = "<group>"; };
		E751291A224FED2500C49DD7 /* texture_pm.frag */ = {isa = PBXFileReference; fileEncoding = 4; lastKnownFileType = sourcecode.glsl; path = texture_pm.frag; sourceTree = "<group>"; };
		E751291D224FED7300C49DD7 /* ucolor_pm.vert */ = {isa = PBXFileReference; fileEncoding = 4; lastKnownFileType = sourcecode.glsl; path = ucolor_pm.vert; sourceTree = "<group>"; };
		E751291E224FED7300C49DD7 /* vcolor_pm.frag */ = {isa = PBXFileReference; fileEncoding = 4; lastKnownFileType = sourcecode.glsl; path = vcolor_pm.frag; sourceTree = "<group>"; };
		E751291F224FED7300C49DD7 /* ucolor_pm.frag */ = {isa = PBXFileReference; fileEncoding = 4; lastKnownFileType = sourcecode.glsl; path = ucolor_pm.frag; sourceTree = "<group>"; };
		E7512920224FED7300C49DD7 /* vcolor_pm.vert */ = {isa = PBXFileReference; fileEncoding = 4; lastKnownFileType = sourcecode.glsl; path = vcolor_pm.vert; sourceTree = "<group>"; };
		E7512925224FFC4700C49DD7 /* example.pnm */ = {isa = PBXFileReference; fileEncoding = 4; lastKnownFileType = text; path = example.pnm; sourceTree = "<group>"; };
/* End PBXFileReference section */

/* Begin PBXFrameworksBuildPhase section */
		E75127B7224FDECD00C49DD7 /* Frameworks */ = {
			isa = PBXFrameworksBuildPhase;
			buildActionMask = 2147483647;
			files = (
			);
			runOnlyForDeploymentPostprocessing = 0;
		};
/* End PBXFrameworksBuildPhase section */

/* Begin PBXGroup section */
		E7043EBF22502211006F24AA /* AprilTag3 */ = {
			isa = PBXGroup;
			children = (
				E7043EC022502211006F24AA /* CameraWrapper.m */,
				E7043EC122502211006F24AA /* Icon-29.png */,
				E7043EC222502211006F24AA /* texture_pm.frag */,
				E7043EC322502211006F24AA /* Icon-16.png */,
				E7043EC422502211006F24AA /* AppDelegate.h */,
				E7043EC522502211006F24AA /* apriltags */,
				E7043F1622502211006F24AA /* Icon-256.png */,
				E7043F1722502211006F24AA /* vcolor_pm.frag */,
				E7043F1822502211006F24AA /* Icon-120.png */,
				E7043F1922502211006F24AA /* Icon-88.png */,
				E7043F1A22502211006F24AA /* Icon-144.png */,
				E7043F1B22502211006F24AA /* happytag1024.png */,
				E7043F1C22502211006F24AA /* Icon-76.png */,
				E7043F1D22502211006F24AA /* Icon-60.png */,
				E7043F1E22502211006F24AA /* Icon-48.png */,
				E7043F1F22502211006F24AA /* Icon-1024.png */,
				E7043F2022502211006F24AA /* ucolor_pm.vert */,
				E7043F2122502211006F24AA /* Icon-152.png */,
				E7043F2222502211006F24AA /* Assets.xcassets */,
				E7043F2322502211006F24AA /* ViewController.m */,
				E7043F2422502211006F24AA /* Icon-180.png */,
				E7043F2522502211006F24AA /* Icon-64.png */,
				E7043F2622502211006F24AA /* Icon-58.png */,
				E7043F2722502211006F24AA /* Icon-72.png */,
				E7043F2822502211006F24AA /* example.pnm */,
				E7043F2922502211006F24AA /* Icon-196.png */,
				E7043F2A22502211006F24AA /* LaunchScreen.storyboard */,
				E7043F2C22502211006F24AA /* Main.storyboard */,
				E7043F2E22502211006F24AA /* Icon-80.png */,
				E7043F2F22502211006F24AA /* Icon-57.png */,
				E7043F3022502211006F24AA /* Icon-55.png */,
				E7043F3122502211006F24AA /* Icon-172.png */,
				E7043F3222502211006F24AA /* vcolor_pm.vert */,
				E7043F3322502211006F24AA /* CameraWrapper.h */,
				E7043F3422502211006F24AA /* main.m */,
				E7043F3522502211006F24AA /* Icon-167.png */,
				E7043F3622502211006F24AA /* Icon-40.png */,
				E7043F3722502211006F24AA /* Icon-50.png */,
				E7043F3822502211006F24AA /* Icon-87.png */,
				E7043F3922502211006F24AA /* texture_pm.vert */,
				E7043F3A22502211006F24AA /* happytag1024.xcf */,
				E7043F3B22502211006F24AA /* AppDelegate.m */,
				E7043F3C22502211006F24AA /* Icon-20.png */,
				E7043F3D22502211006F24AA /* ucolor_pm.frag */,
				E7043F3E22502211006F24AA /* Icon-128.png */,
				E7043F3F22502211006F24AA /* Icon-100.png */,
				E7043F4022502211006F24AA /* Icon-114.png */,
				E7043F4122502211006F24AA /* Default.png */,
				E7043F4222502211006F24AA /* Icon-32.png */,
				E7043F4322502211006F24AA /* Info.plist */,
				E7043F4422502211006F24AA /* ViewController.h */,
				E7043F4522502211006F24AA /* Icon-512.png */,
			);
			name = AprilTag3;
			sourceTree = "<group>";
		};
		E7043EC522502211006F24AA /* apriltags */ = {
			isa = PBXGroup;
			children = (
				E7043EC622502211006F24AA /* apriltag_pose.c */,
				E7043EC722502211006F24AA /* tagStandard52h13.c */,
				E7043EC822502211006F24AA /* tag36h11.c */,
				E7043EC922502211006F24AA /* tag16h5.h */,
				E7043ECA22502211006F24AA /* CMakeLists.txt */,
				E7043ECB22502211006F24AA /* apriltag.h */,
				E7043ECC22502211006F24AA /* tagCircle49h12.h */,
				E7043ECD22502211006F24AA /* tagCustom48h12.c */,
				E7043ECE22502211006F24AA /* package.xml */,
				E7043ECF22502211006F24AA /* Makefile */,
				E7043ED022502211006F24AA /* example */,
				E7043ED622502211006F24AA /* tagCircle21h7.c */,
				E7043ED722502211006F24AA /* install.sh */,
				E7043ED822502211006F24AA /* apriltag_math.h */,
				E7043ED922502211006F24AA /* tag25h9.h */,
				E7043EDA22502211006F24AA /* tagStandard41h12.c */,
				E7043EDB22502211006F24AA /* README.md */,
				E7043EDC22502211006F24AA /* tag16h5.c */,
				E7043EDD22502211006F24AA /* tagStandard52h13.h */,
				E7043EDE22502211006F24AA /* common */,
				E7043F0B22502211006F24AA /* tag36h11.h */,
				E7043F0C22502211006F24AA /* apriltag_quad_thresh.c */,
				E7043F0D22502211006F24AA /* apriltag_pose.h */,
				E7043F0E22502211006F24AA /* .gitignore */,
				E7043F0F22502211006F24AA /* tagCircle49h12.c */,
				E7043F1022502211006F24AA /* tagCustom48h12.h */,
				E7043F1122502211006F24AA /* apriltag.c */,
				E7043F1222502211006F24AA /* tagCircle21h7.h */,
				E7043F1322502211006F24AA /* apriltag.pc.in */,
				E7043F1422502211006F24AA /* tagStandard41h12.h */,
				E7043F1522502211006F24AA /* tag25h9.c */,
			);
			path = apriltags;
			sourceTree = "<group>";
		};
		E7043ED022502211006F24AA /* example */ = {
			isa = PBXGroup;
			children = (
				E7043ED122502211006F24AA /* opencv_demo.cc */,
				E7043ED222502211006F24AA /* apriltag_demo.c */,
				E7043ED322502211006F24AA /* Makefile */,
				E7043ED422502211006F24AA /* README */,
				E7043ED522502211006F24AA /* .gitignore */,
			);
			path = example;
			sourceTree = "<group>";
		};
		E7043EDE22502211006F24AA /* common */ = {
			isa = PBXGroup;
			children = (
				E7043EDF22502211006F24AA /* time_util.h */,
				E7043EE022502211006F24AA /* floats.h */,
				E7043EE122502211006F24AA /* pam.h */,
				E7043EE222502211006F24AA /* unionfind.c */,
				E7043EE322502211006F24AA /* image_u8x4.h */,
				E7043EE422502211006F24AA /* matd.h */,
				E7043EE522502211006F24AA /* zmaxheap.c */,
				E7043EE622502211006F24AA /* string_util.h */,
				E7043EE722502211006F24AA /* homography.h */,
				E7043EE822502211006F24AA /* doubles_floats_impl.h */,
				E7043EE922502211006F24AA /* g2d.h */,
				E7043EEA22502211006F24AA /* image_u8.c */,
				E7043EEB22502211006F24AA /* image_u8x3.h */,
				E7043EEC22502211006F24AA /* zhash.h */,
				E7043EED22502211006F24AA /* zarray.c */,
				E7043EEE22502211006F24AA /* workerpool.c */,
				E7043EEF22502211006F24AA /* svd22.c */,
				E7043EF022502211006F24AA /* pnm.h */,
				E7043EF122502211006F24AA /* pjpeg.c */,
				E7043EF222502211006F24AA /* postscript_utils.h */,
				E7043EF322502211006F24AA /* getopt.h */,
				E7043EF422502211006F24AA /* image_u8x4.c */,
				E7043EF522502211006F24AA /* math_util.h */,
				E7043EF622502211006F24AA /* doubles.h */,
				E7043EF722502211006F24AA /* unionfind.h */,
				E7043EF822502211006F24AA /* pam.c */,
				E7043EF922502211006F24AA /* time_util.c */,
				E7043EFA22502211006F24AA /* pjpeg-idct.c */,
				E7043EFB22502211006F24AA /* string_util.c */,
				E7043EFC22502211006F24AA /* zmaxheap.h */,
				E7043EFD22502211006F24AA /* matd.c */,
				E7043EFE22502211006F24AA /* timeprofile.h */,
				E7043EFF22502211006F24AA /* zarray.h */,
				E7043F0022502211006F24AA /* zhash.c */,
				E7043F0122502211006F24AA /* image_types.h */,
				E7043F0222502211006F24AA /* image_u8x3.c */,
				E7043F0322502211006F24AA /* image_u8.h */,
				E7043F0422502211006F24AA /* homography.c */,
				E7043F0522502211006F24AA /* g2d.c */,
				E7043F0622502211006F24AA /* pjpeg.h */,
				E7043F0722502211006F24AA /* getopt.c */,
				E7043F0822502211006F24AA /* pnm.c */,
				E7043F0922502211006F24AA /* svd22.h */,
				E7043F0A22502211006F24AA /* workerpool.h */,
			);
			path = common;
			sourceTree = "<group>";
		};
		E75127B1224FDECD00C49DD7 = {
			isa = PBXGroup;
			children = (
				E75127BC224FDECD00C49DD7 /* AprilTag3 */,
				E75127BB224FDECD00C49DD7 /* Products */,
			);
			sourceTree = "<group>";
		};
		E75127BB224FDECD00C49DD7 /* Products */ = {
			isa = PBXGroup;
			children = (
				E75127BA224FDECD00C49DD7 /* AprilTag3.app */,
			);
			name = Products;
			sourceTree = "<group>";
		};
		E75127BC224FDECD00C49DD7 /* AprilTag3 */ = {
			isa = PBXGroup;
			children = (
				E75128F4224FE94C00C49DD7 /* apriltag_pose.c */,
				E75128F5224FE94C00C49DD7 /* tagStandard52h13.c */,
				E75128F2224FE94C00C49DD7 /* tag36h11.c */,
				E75128FC224FE94D00C49DD7 /* tag16h5.h */,
				E7512900224FE94D00C49DD7 /* apriltag.h */,
				E75128FA224FE94D00C49DD7 /* tagCircle49h12.h */,
				E75128F8224FE94C00C49DD7 /* tagCustom48h12.c */,
				E75128F3224FE94C00C49DD7 /* tagCircle21h7.c */,
				E75128FE224FE94D00C49DD7 /* apriltag_math.h */,
				E75128F6224FE94C00C49DD7 /* tag25h9.h */,
				E75128F9224FE94C00C49DD7 /* tagStandard41h12.c */,
				E75128F7224FE94C00C49DD7 /* tag16h5.c */,
				E7512904224FE94D00C49DD7 /* tagStandard52h13.h */,
				E75128FB224FE94D00C49DD7 /* tag36h11.h */,
				E75128FF224FE94D00C49DD7 /* apriltag_quad_thresh.c */,
				E7512901224FE94D00C49DD7 /* apriltag_pose.h */,
				E75128F1224FE94C00C49DD7 /* tagCircle49h12.c */,
				E7512902224FE94D00C49DD7 /* tagCustom48h12.h */,
				E7512903224FE94D00C49DD7 /* apriltag.c */,
				E75128FD224FE94D00C49DD7 /* tagCircle21h7.h */,
				E75128F0224FE94C00C49DD7 /* tagStandard41h12.h */,
				E75128ED224FE92C00C49DD7 /* tag25h9.c */,
				E75128EF224FE94C00C49DD7 /* tag25h9.c */,
				E75128AD224FE8F700C49DD7 /* common */,
				E75127BD224FDECD00C49DD7 /* AppDelegate.h */,
				E75127BE224FDECD00C49DD7 /* AppDelegate.m */,
				E75127C0224FDECD00C49DD7 /* ViewController.h */,
				E75127C1224FDECD00C49DD7 /* ViewController.m */,
				E75127C3224FDECD00C49DD7 /* Main.storyboard */,
				E75127C6224FDECD00C49DD7 /* Assets.xcassets */,
				E75127C8224FDECD00C49DD7 /* LaunchScreen.storyboard */,
				E75127CB224FDECD00C49DD7 /* Info.plist */,
				E75127CC224FDECD00C49DD7 /* main.m */,
				E75127FD224FDF2500C49DD7 /* CameraWrapper.h */,
				E7043EBF22502211006F24AA /* AprilTag3 */,
				E75127FE224FDF2500C49DD7 /* CameraWrapper.m */,
				E7512910224FE9AC00C49DD7 /* GLESProgram.h */,
				E7512913224FE9AD00C49DD7 /* GLESProgram.m */,
				E7512912224FE9AD00C49DD7 /* ShaderUtilities.c */,
				E7512911224FE9AC00C49DD7 /* ShaderUtilities.h */,
				E7512917224FE9D600C49DD7 /* udp_util.c */,
				E7512916224FE9D600C49DD7 /* udp_util.h */,
				E7512925224FFC4700C49DD7 /* example.pnm */,
				E751291A224FED2500C49DD7 /* texture_pm.frag */,
				E7512919224FED2500C49DD7 /* texture_pm.vert */,
				E751291F224FED7300C49DD7 /* ucolor_pm.frag */,
				E751291D224FED7300C49DD7 /* ucolor_pm.vert */,
				E751291E224FED7300C49DD7 /* vcolor_pm.frag */,
				E7512920224FED7300C49DD7 /* vcolor_pm.vert */,
			);
			path = AprilTag3;
			sourceTree = "<group>";
		};
		E75128AD224FE8F700C49DD7 /* common */ = {
			isa = PBXGroup;
			children = (
				E75128AE224FE8F700C49DD7 /* time_util.h */,
				E75128AF224FE8F700C49DD7 /* floats.h */,
				E75128B0224FE8F700C49DD7 /* pam.h */,
				E75128B1224FE8F700C49DD7 /* unionfind.c */,
				E75128B2224FE8F700C49DD7 /* image_u8x4.h */,
				E75128B3224FE8F700C49DD7 /* matd.h */,
				E75128B4224FE8F700C49DD7 /* zmaxheap.c */,
				E75128B5224FE8F700C49DD7 /* string_util.h */,
				E75128B6224FE8F700C49DD7 /* homography.h */,
				E75128B7224FE8F700C49DD7 /* doubles_floats_impl.h */,
				E75128B8224FE8F700C49DD7 /* g2d.h */,
				E75128B9224FE8F700C49DD7 /* image_u8.c */,
				E75128BA224FE8F700C49DD7 /* image_u8x3.h */,
				E75128BB224FE8F700C49DD7 /* zhash.h */,
				E75128BC224FE8F700C49DD7 /* zarray.c */,
				E75128BD224FE8F700C49DD7 /* workerpool.c */,
				E75128BE224FE8F700C49DD7 /* svd22.c */,
				E75128BF224FE8F700C49DD7 /* pnm.h */,
				E75128C0224FE8F700C49DD7 /* pjpeg.c */,
				E75128C1224FE8F700C49DD7 /* postscript_utils.h */,
				E75128C2224FE8F700C49DD7 /* getopt.h */,
				E75128C3224FE8F700C49DD7 /* image_u8x4.c */,
				E75128C4224FE8F700C49DD7 /* math_util.h */,
				E75128C5224FE8F700C49DD7 /* doubles.h */,
				E75128C6224FE8F700C49DD7 /* unionfind.h */,
				E75128C7224FE8F700C49DD7 /* pam.c */,
				E75128C8224FE8F700C49DD7 /* time_util.c */,
				E75128C9224FE8F700C49DD7 /* pjpeg-idct.c */,
				E75128CA224FE8F700C49DD7 /* string_util.c */,
				E75128CB224FE8F700C49DD7 /* zmaxheap.h */,
				E75128CC224FE8F700C49DD7 /* matd.c */,
				E75128CD224FE8F700C49DD7 /* timeprofile.h */,
				E75128CE224FE8F700C49DD7 /* zarray.h */,
				E75128CF224FE8F700C49DD7 /* zhash.c */,
				E75128D0224FE8F700C49DD7 /* image_types.h */,
				E75128D1224FE8F700C49DD7 /* image_u8x3.c */,
				E75128D2224FE8F700C49DD7 /* image_u8.h */,
				E75128D3224FE8F700C49DD7 /* homography.c */,
				E75128D4224FE8F700C49DD7 /* g2d.c */,
				E75128D5224FE8F700C49DD7 /* pjpeg.h */,
				E75128D6224FE8F700C49DD7 /* getopt.c */,
				E75128D7224FE8F700C49DD7 /* pnm.c */,
				E75128D8224FE8F700C49DD7 /* svd22.h */,
				E75128D9224FE8F700C49DD7 /* workerpool.h */,
			);
			name = common;
			path = apriltags/common;
			sourceTree = "<group>";
		};
/* End PBXGroup section */

/* Begin PBXNativeTarget section */
		E75127B9224FDECD00C49DD7 /* AprilTag3 */ = {
			isa = PBXNativeTarget;
			buildConfigurationList = E75127D0224FDECD00C49DD7 /* Build configuration list for PBXNativeTarget "AprilTag3" */;
			buildPhases = (
				E75127B6224FDECD00C49DD7 /* Sources */,
				E75127B7224FDECD00C49DD7 /* Frameworks */,
				E75127B8224FDECD00C49DD7 /* Resources */,
			);
			buildRules = (
			);
			dependencies = (
			);
			name = AprilTag3;
			productName = AprilTag3;
			productReference = E75127BA224FDECD00C49DD7 /* AprilTag3.app */;
			productType = "com.apple.product-type.application";
		};
/* End PBXNativeTarget section */

/* Begin PBXProject section */
		E75127B2224FDECD00C49DD7 /* Project object */ = {
			isa = PBXProject;
			attributes = {
				LastUpgradeCheck = 1020;
				ORGANIZATIONNAME = "Edwin Olson";
				TargetAttributes = {
					E75127B9224FDECD00C49DD7 = {
						CreatedOnToolsVersion = 10.2;
					};
				};
			};
			buildConfigurationList = E75127B5224FDECD00C49DD7 /* Build configuration list for PBXProject "AprilTag3" */;
			compatibilityVersion = "Xcode 9.3";
			developmentRegion = en;
			hasScannedForEncodings = 0;
			knownRegions = (
				en,
				Base,
			);
			mainGroup = E75127B1224FDECD00C49DD7;
			productRefGroup = E75127BB224FDECD00C49DD7 /* Products */;
			projectDirPath = "";
			projectRoot = "";
			targets = (
				E75127B9224FDECD00C49DD7 /* AprilTag3 */,
			);
		};
/* End PBXProject section */

/* Begin PBXResourcesBuildPhase section */
		E75127B8224FDECD00C49DD7 /* Resources */ = {
			isa = PBXResourcesBuildPhase;
			buildActionMask = 2147483647;
			files = (
				E7512926224FFC4700C49DD7 /* example.pnm in Resources */,
				E7043F8822502211006F24AA /* LaunchScreen.storyboard in Resources */,
				E7043F7222502211006F24AA /* apriltag.pc.in in Resources */,
				E7512922224FED7300C49DD7 /* vcolor_pm.frag in Resources */,
				E7043F5922502211006F24AA /* README.md in Resources */,
				E7043F8022502211006F24AA /* Assets.xcassets in Resources */,
				E75127C5224FDECD00C49DD7 /* Main.storyboard in Resources */,
				E7043F4F22502211006F24AA /* package.xml in Resources */,
				E7043F8E22502211006F24AA /* vcolor_pm.vert in Resources */,
				E7043F9822502211006F24AA /* ucolor_pm.frag in Resources */,
				E7043F9422502211006F24AA /* texture_pm.vert in Resources */,
				E7043F5422502211006F24AA /* README in Resources */,
				E7043F7E22502211006F24AA /* ucolor_pm.vert in Resources */,
				E7043F4822502211006F24AA /* texture_pm.frag in Resources */,
			);
			runOnlyForDeploymentPostprocessing = 0;
		};
/* End PBXResourcesBuildPhase section */

/* Begin PBXSourcesBuildPhase section */
		E75127B6224FDECD00C49DD7 /* Sources */ = {
			isa = PBXSourcesBuildPhase;
			buildActionMask = 2147483647;
			files = (
				E7043F7122502211006F24AA /* apriltag.c in Sources */,
				E7043F6A22502211006F24AA /* homography.c in Sources */,
				E7043F6722502211006F24AA /* matd.c in Sources */,
				E75128E8224FE8F800C49DD7 /* image_u8x3.c in Sources */,
				E7043F6222502211006F24AA /* image_u8x4.c in Sources */,
				E7043F4622502211006F24AA /* CameraWrapper.m in Sources */,
				E751290D224FE94D00C49DD7 /* tagStandard41h12.c in Sources */,
				E75128EA224FE8F800C49DD7 /* g2d.c in Sources */,
				E7043F5F22502211006F24AA /* workerpool.c in Sources */,
				E7043F5B22502211006F24AA /* unionfind.c in Sources */,
				E7043F8F22502211006F24AA /* main.m in Sources */,
				E751290A224FE94D00C49DD7 /* tagStandard52h13.c in Sources */,
				E7512905224FE94D00C49DD7 /* tag25h9.c in Sources */,
				E7043F8122502211006F24AA /* ViewController.m in Sources */,
				E7043F5E22502211006F24AA /* zarray.c in Sources */,
				E7512915224FE9AD00C49DD7 /* GLESProgram.m in Sources */,
				E7043F5A22502211006F24AA /* tag16h5.c in Sources */,
				E75128E5224FE8F800C49DD7 /* string_util.c in Sources */,
				E75128EB224FE8F800C49DD7 /* getopt.c in Sources */,
				E7043F4E22502211006F24AA /* tagCustom48h12.c in Sources */,
				E7512906224FE94D00C49DD7 /* tagCircle49h12.c in Sources */,
				E75128DC224FE8F800C49DD7 /* image_u8.c in Sources */,
				E75128DF224FE8F800C49DD7 /* svd22.c in Sources */,
				E7512908224FE94D00C49DD7 /* tagCircle21h7.c in Sources */,
				E7512914224FE9AD00C49DD7 /* ShaderUtilities.c in Sources */,
				E7043F9622502211006F24AA /* AppDelegate.m in Sources */,
				E7043F6422502211006F24AA /* time_util.c in Sources */,
				E7043F6322502211006F24AA /* pam.c in Sources */,
				E7512918224FE9D700C49DD7 /* udp_util.c in Sources */,
				E75128DB224FE8F800C49DD7 /* zmaxheap.c in Sources */,
				E751290E224FE94D00C49DD7 /* apriltag_quad_thresh.c in Sources */,
				E7043F6D22502211006F24AA /* pnm.c in Sources */,
				E75128E7224FE8F800C49DD7 /* zhash.c in Sources */,
				E7043F4C22502211006F24AA /* tag36h11.c in Sources */,
				E7043F4A22502211006F24AA /* apriltag_pose.c in Sources */,
				E75128E0224FE8F800C49DD7 /* pjpeg.c in Sources */,
				E75128E4224FE8F800C49DD7 /* pjpeg-idct.c in Sources */,
			);
			runOnlyForDeploymentPostprocessing = 0;
		};
/* End PBXSourcesBuildPhase section */

/* Begin PBXVariantGroup section */
		E7043F2A22502211006F24AA /* LaunchScreen.storyboard */ = {
			isa = PBXVariantGroup;
			children = (
				E7043F2B22502211006F24AA /* Base */,
			);
			name = LaunchScreen.storyboard;
			sourceTree = "<group>";
		};
		E7043F2C22502211006F24AA /* Main.storyboard */ = {
			isa = PBXVariantGroup;
			children = (
				E7043F2D22502211006F24AA /* Base */,
			);
			name = Main.storyboard;
			sourceTree = "<group>";
		};
		E75127C3224FDECD00C49DD7 /* Main.storyboard */ = {
			isa = PBXVariantGroup;
			children = (
				E75127C4224FDECD00C49DD7 /* Base */,
			);
			name = Main.storyboard;
			sourceTree = "<group>";
		};
		E75127C8224FDECD00C49DD7 /* LaunchScreen.storyboard */ = {
			isa = PBXVariantGroup;
			children = (
				E75127C9224FDECD00C49DD7 /* Base */,
			);
			name = LaunchScreen.storyboard;
			sourceTree = "<group>";
		};
/* End PBXVariantGroup section */

/* Begin XCBuildConfiguration section */
		E75127CE224FDECD00C49DD7 /* Debug */ = {
			isa = XCBuildConfiguration;
			buildSettings = {
				ALWAYS_SEARCH_USER_PATHS = NO;
				CLANG_ANALYZER_NONNULL = YES;
				CLANG_ANALYZER_NUMBER_OBJECT_CONVERSION = YES_AGGRESSIVE;
				CLANG_CXX_LANGUAGE_STANDARD = "gnu++14";
				CLANG_CXX_LIBRARY = "libc++";
				CLANG_ENABLE_MODULES = YES;
				CLANG_ENABLE_OBJC_ARC = YES;
				CLANG_ENABLE_OBJC_WEAK = YES;
				CLANG_WARN_BLOCK_CAPTURE_AUTORELEASING = YES;
				CLANG_WARN_BOOL_CONVERSION = YES;
				CLANG_WARN_COMMA = YES;
				CLANG_WARN_CONSTANT_CONVERSION = YES;
				CLANG_WARN_DEPRECATED_OBJC_IMPLEMENTATIONS = YES;
				CLANG_WARN_DIRECT_OBJC_ISA_USAGE = YES_ERROR;
				CLANG_WARN_DOCUMENTATION_COMMENTS = YES;
				CLANG_WARN_EMPTY_BODY = YES;
				CLANG_WARN_ENUM_CONVERSION = YES;
				CLANG_WARN_INFINITE_RECURSION = YES;
				CLANG_WARN_INT_CONVERSION = YES;
				CLANG_WARN_NON_LITERAL_NULL_CONVERSION = YES;
				CLANG_WARN_OBJC_IMPLICIT_RETAIN_SELF = YES;
				CLANG_WARN_OBJC_LITERAL_CONVERSION = YES;
				CLANG_WARN_OBJC_ROOT_CLASS = YES_ERROR;
				CLANG_WARN_RANGE_LOOP_ANALYSIS = YES;
				CLANG_WARN_STRICT_PROTOTYPES = YES;
				CLANG_WARN_SUSPICIOUS_MOVE = YES;
				CLANG_WARN_UNGUARDED_AVAILABILITY = YES_AGGRESSIVE;
				CLANG_WARN_UNREACHABLE_CODE = YES;
				CLANG_WARN__DUPLICATE_METHOD_MATCH = YES;
				CODE_SIGN_IDENTITY = "iPhone Developer";
				COPY_PHASE_STRIP = NO;
				DEBUG_INFORMATION_FORMAT = dwarf;
				ENABLE_STRICT_OBJC_MSGSEND = YES;
				ENABLE_TESTABILITY = YES;
				GCC_C_LANGUAGE_STANDARD = gnu11;
				GCC_DYNAMIC_NO_PIC = NO;
				GCC_NO_COMMON_BLOCKS = YES;
				GCC_OPTIMIZATION_LEVEL = 0;
				GCC_PREPROCESSOR_DEFINITIONS = (
					"DEBUG=1",
					"$(inherited)",
				);
				GCC_WARN_64_TO_32_BIT_CONVERSION = YES;
				GCC_WARN_ABOUT_RETURN_TYPE = YES_ERROR;
				GCC_WARN_UNDECLARED_SELECTOR = YES;
				GCC_WARN_UNINITIALIZED_AUTOS = YES_AGGRESSIVE;
				GCC_WARN_UNUSED_FUNCTION = YES;
				GCC_WARN_UNUSED_VARIABLE = YES;
				IPHONEOS_DEPLOYMENT_TARGET = 12.2;
				MTL_ENABLE_DEBUG_INFO = INCLUDE_SOURCE;
				MTL_FAST_MATH = YES;
				ONLY_ACTIVE_ARCH = YES;
				SDKROOT = iphoneos;
			};
			name = Debug;
		};
		E75127CF224FDECD00C49DD7 /* Release */ = {
			isa = XCBuildConfiguration;
			buildSettings = {
				ALWAYS_SEARCH_USER_PATHS = NO;
				CLANG_ANALYZER_NONNULL = YES;
				CLANG_ANALYZER_NUMBER_OBJECT_CONVERSION = YES_AGGRESSIVE;
				CLANG_CXX_LANGUAGE_STANDARD = "gnu++14";
				CLANG_CXX_LIBRARY = "libc++";
				CLANG_ENABLE_MODULES = YES;
				CLANG_ENABLE_OBJC_ARC = YES;
				CLANG_ENABLE_OBJC_WEAK = YES;
				CLANG_WARN_BLOCK_CAPTURE_AUTORELEASING = YES;
				CLANG_WARN_BOOL_CONVERSION = YES;
				CLANG_WARN_COMMA = YES;
				CLANG_WARN_CONSTANT_CONVERSION = YES;
				CLANG_WARN_DEPRECATED_OBJC_IMPLEMENTATIONS = YES;
				CLANG_WARN_DIRECT_OBJC_ISA_USAGE = YES_ERROR;
				CLANG_WARN_DOCUMENTATION_COMMENTS = YES;
				CLANG_WARN_EMPTY_BODY = YES;
				CLANG_WARN_ENUM_CONVERSION = YES;
				CLANG_WARN_INFINITE_RECURSION = YES;
				CLANG_WARN_INT_CONVERSION = YES;
				CLANG_WARN_NON_LITERAL_NULL_CONVERSION = YES;
				CLANG_WARN_OBJC_IMPLICIT_RETAIN_SELF = YES;
				CLANG_WARN_OBJC_LITERAL_CONVERSION = YES;
				CLANG_WARN_OBJC_ROOT_CLASS = YES_ERROR;
				CLANG_WARN_RANGE_LOOP_ANALYSIS = YES;
				CLANG_WARN_STRICT_PROTOTYPES = YES;
				CLANG_WARN_SUSPICIOUS_MOVE = YES;
				CLANG_WARN_UNGUARDED_AVAILABILITY = YES_AGGRESSIVE;
				CLANG_WARN_UNREACHABLE_CODE = YES;
				CLANG_WARN__DUPLICATE_METHOD_MATCH = YES;
				CODE_SIGN_IDENTITY = "iPhone Developer";
				COPY_PHASE_STRIP = NO;
				DEBUG_INFORMATION_FORMAT = "dwarf-with-dsym";
				ENABLE_NS_ASSERTIONS = NO;
				ENABLE_STRICT_OBJC_MSGSEND = YES;
				GCC_C_LANGUAGE_STANDARD = gnu11;
				GCC_NO_COMMON_BLOCKS = YES;
				GCC_WARN_64_TO_32_BIT_CONVERSION = YES;
				GCC_WARN_ABOUT_RETURN_TYPE = YES_ERROR;
				GCC_WARN_UNDECLARED_SELECTOR = YES;
				GCC_WARN_UNINITIALIZED_AUTOS = YES_AGGRESSIVE;
				GCC_WARN_UNUSED_FUNCTION = YES;
				GCC_WARN_UNUSED_VARIABLE = YES;
				IPHONEOS_DEPLOYMENT_TARGET = 12.2;
				MTL_ENABLE_DEBUG_INFO = NO;
				MTL_FAST_MATH = YES;
				SDKROOT = iphoneos;
				VALIDATE_PRODUCT = YES;
			};
			name = Release;
		};
		E75127D1224FDECD00C49DD7 /* Debug */ = {
			isa = XCBuildConfiguration;
			buildSettings = {
				ASSETCATALOG_COMPILER_APPICON_NAME = AppIcon;
				CODE_SIGN_STYLE = Automatic;
				DEVELOPMENT_TEAM = 77P967T7RT;
				HEADER_SEARCH_PATHS = "$(SRCROOT)/AprilTag3/apriltags";
				INFOPLIST_FILE = AprilTag3/Info.plist;
				IPHONEOS_DEPLOYMENT_TARGET = 12.0;
				LD_RUNPATH_SEARCH_PATHS = (
					"$(inherited)",
					"@executable_path/Frameworks",
				);
				OTHER_CFLAGS = "";
				OTHER_LDFLAGS = "";
				PRODUCT_BUNDLE_IDENTIFIER = april.AprilTag;
				PRODUCT_NAME = "$(TARGET_NAME)";
				TARGETED_DEVICE_FAMILY = "1,2";
			};
			name = Debug;
		};
		E75127D2224FDECD00C49DD7 /* Release */ = {
			isa = XCBuildConfiguration;
			buildSettings = {
				ASSETCATALOG_COMPILER_APPICON_NAME = AppIcon;
				CODE_SIGN_STYLE = Automatic;
				DEVELOPMENT_TEAM = 77P967T7RT;
				HEADER_SEARCH_PATHS = "$(SRCROOT)/AprilTag3/apriltags";
				INFOPLIST_FILE = AprilTag3/Info.plist;
				IPHONEOS_DEPLOYMENT_TARGET = 12.0;
				LD_RUNPATH_SEARCH_PATHS = (
					"$(inherited)",
					"@executable_path/Frameworks",
				);
				OTHER_CFLAGS = "";
				OTHER_LDFLAGS = "";
				PRODUCT_BUNDLE_IDENTIFIER = april.AprilTag;
				PRODUCT_NAME = "$(TARGET_NAME)";
				TARGETED_DEVICE_FAMILY = "1,2";
			};
			name = Release;
		};
/* End XCBuildConfiguration section */

/* Begin XCConfigurationList section */
		E75127B5224FDECD00C49DD7 /* Build configuration list for PBXProject "AprilTag3" */ = {
			isa = XCConfigurationList;
			buildConfigurations = (
				E75127CE224FDECD00C49DD7 /* Debug */,
				E75127CF224FDECD00C49DD7 /* Release */,
			);
			defaultConfigurationIsVisible = 0;
			defaultConfigurationName = Release;
		};
		E75127D0224FDECD00C49DD7 /* Build configuration list for PBXNativeTarget "AprilTag3" */ = {
			isa = XCConfigurationList;
			buildConfigurations = (
				E75127D1224FDECD00C49DD7 /* Debug */,
				E75127D2224FDECD00C49DD7 /* Release */,
			);
			defaultConfigurationIsVisible = 0;
			defaultConfigurationName = Release;
		};
/* End XCConfigurationList section */
	};
	rootObject = E75127B2224FDECD00C49DD7 /* Project object */;
}
